{
  "projects": [
    {
      "projectId": "caTPwKxj5ZrD9LQ7DMdK4Z",
      "version": "3.36.0",
      "dependencies": {},
      "lang": "ts",
      "fileLocks": [
        {
          "assetId": "caTPwKxj5ZrD9LQ7DMdK4Z",
          "type": "projectCss",
          "checksum": "e1ec850476829c38b0f9b6d4f7ac446a"
        }
      ],
      "codegenVersion": "0.0.1"
    },
    {
      "projectId": "jkU633o1Cz7HrJdwdxhVHk",
      "version": "16.10.0",
      "dependencies": {},
      "lang": "ts",
      "fileLocks": [
        {
          "assetId": "jkU633o1Cz7HrJdwdxhVHk",
          "type": "projectCss",
          "checksum": "0581d4378bb1604bb5fe3f65bb0a37de"
        }
      ],
      "codegenVersion": "0.0.1"
    },
    {
      "projectId": "ohDidvG9XsCeFumugENU3J",
      "version": "6.24.0",
      "dependencies": {},
      "lang": "ts",
      "fileLocks": [
        {
          "assetId": "ohDidvG9XsCeFumugENU3J",
          "type": "projectCss",
          "checksum": "fd83b730367fdbde2c69bc6cf31c2a3c"
        },
        {
          "assetId": "ohDidvG9XsCeFumugENU3J",
          "checksum": "de0a0e65174a6a185a8f822af51c6bdd",
          "type": "globalContexts"
        }
      ],
      "codegenVersion": "0.0.1"
    },
    {
      "projectId": "r3ASNrnyvLLLAtDvzUioQ",
      "version": "4.5.0",
      "dependencies": {},
      "lang": "ts",
      "fileLocks": [
        {
          "assetId": "r3ASNrnyvLLLAtDvzUioQ",
          "type": "projectCss",
          "checksum": "e1ec850476829c38b0f9b6d4f7ac446a"
        }
      ],
      "codegenVersion": "0.0.1"
    },
    {
      "projectId": "7nJ7UcFmq9UzB6eXfC5z4a",
      "version": "0.28.0",
      "dependencies": {},
      "lang": "ts",
      "fileLocks": [
        {
          "assetId": "7nJ7UcFmq9UzB6eXfC5z4a",
          "type": "projectCss",
          "checksum": "05587b57f22f0ec8bb54543deb39762e"
        }
      ],
      "codegenVersion": "0.0.1"
    },
    {
      "projectId": "6cFjuLeo5wcsmGdjkGwU6",
      "version": "latest",
      "dependencies": {
        "7nJ7UcFmq9UzB6eXfC5z4a": "0.28.0",
        "r3ASNrnyvLLLAtDvzUioQ": "4.5.0",
        "ohDidvG9XsCeFumugENU3J": "6.24.0",
        "jkU633o1Cz7HrJdwdxhVHk": "16.10.0",
        "caTPwKxj5ZrD9LQ7DMdK4Z": "3.36.0"
      },
      "lang": "ts",
      "fileLocks": [
        {
          "type": "globalVariant",
          "assetId": "uI1hQw2qRBwD",
          "checksum": "1876f634f3d408669cabf663448e9d26"
        },
        {
          "assetId": "6cFjuLeo5wcsmGdjkGwU6",
          "checksum": "f924dab377f4236156ff84affa433588",
          "type": "globalContexts"
        },
        {
          "type": "renderModule",
          "assetId": "0ZmXSPBwd1DS",
          "checksum": "f375501914f40f46f7e87611db339098"
        },
        {
          "type": "cssRules",
          "assetId": "0ZmXSPBwd1DS",
          "checksum": "f375501914f40f46f7e87611db339098"
        },
        {
          "type": "renderModule",
          "assetId": "DwYLxxR6FM2H",
          "checksum": "a6e829e462542a4ed9a1e34f0073f4e8"
        },
        {
          "type": "cssRules",
          "assetId": "DwYLxxR6FM2H",
          "checksum": "a6e829e462542a4ed9a1e34f0073f4e8"
        },
        {
          "type": "renderModule",
          "assetId": "r6aTKPzoXi1u",
          "checksum": "ff138bf81dbacbc4ddbf2ffbffb6e138"
        },
        {
          "type": "cssRules",
          "assetId": "r6aTKPzoXi1u",
          "checksum": "ff138bf81dbacbc4ddbf2ffbffb6e138"
        },
        {
          "type": "icon",
          "assetId": "8dWY6q-cxdHa",
          "checksum": "26841e4d823520d2de9222f84463e7ee"
        },
        {
          "type": "icon",
          "assetId": "qHDe3SKps_Kk",
          "checksum": "f167ae62940d089c4bf2d87ec0dba56c"
        },
        {
          "type": "icon",
          "assetId": "Z5SzEe0I5ZF-",
          "checksum": "abd06f04f9154382edb863b923caf9db"
        },
        {
          "type": "icon",
          "assetId": "7CPcspNX8sPi",
          "checksum": "800b5f58ab5327a397dd0312600b9740"
        },
        {
          "type": "icon",
          "assetId": "oZDO5r2l4Elq",
          "checksum": "16f2884943814876cb875d79489370f7"
        },
        {
          "type": "icon",
          "assetId": "kDLG4wAIqP_D",
          "checksum": "16e8bcffcf0d2a1c06767797f40b3c96"
        },
        {
          "type": "icon",
          "assetId": "6TBXxKoNY6bp",
          "checksum": "b058b7ae68a08be65971776e433fafab"
        },
        {
          "type": "icon",
          "assetId": "SXjGg-SVFrGm",
          "checksum": "a5e3eb7a0cc119e5ce2a509f418f2259"
        },
        {
          "type": "icon",
          "assetId": "jrHOvkK-XM6e",
          "checksum": "3aa7ca8c39afca43655820cab8745cf8"
        },
        {
          "type": "image",
          "assetId": "dHZou_DjlmUg",
          "checksum": "4741ea86230378e3a483b0d2544e5a4e"
        },
        {
          "type": "image",
          "assetId": "FEY-lAg2JneL",
          "checksum": "6fe2a87d515cc3af250ada57835571c3"
        },
        {
          "type": "image",
          "assetId": "n4RGurwGetwY",
          "checksum": "603d2e1cd164738aeaeb314de1db632a"
        },
        {
          "type": "image",
          "assetId": "Tz2CqZbZsTTu",
          "checksum": "f3d7add455627524e9eb78e0453dadfb"
        },
        {
          "type": "image",
          "assetId": "OMkMajgJ95LG",
          "checksum": "7e4f211d8629528ec30e3a622ea1627f"
        },
        {
          "type": "image",
          "assetId": "24cqg0Pc99Qt",
          "checksum": "02f7790e2c95e09d53f49978f0d81a00"
        },
        {
          "type": "image",
          "assetId": "5F6dwosVPOtQ",
          "checksum": "03c5a5b88d7b5c192a56e3a2fe63fc3c"
        },
        {
          "type": "image",
          "assetId": "qYMJW8CEPD8M",
          "checksum": "257ab5c3b571981c592c12bf03c3f52d"
        },
        {
          "type": "image",
          "assetId": "x-xMYaKQaoi6",
          "checksum": "0a852c96d965dd4fb247edf0ccf361b1"
        },
        {
          "type": "image",
          "assetId": "PwyPJElOLHCA",
          "checksum": "beda1c3a1772983771bf127e7eea1379"
        },
        {
          "type": "image",
          "assetId": "EKYF8umDpL_Q",
          "checksum": "02183f1cd19899953c60076678d3109b"
        },
        {
          "type": "image",
          "assetId": "eB5WWtYv2adY",
          "checksum": "3cb404b8291451aa4aa252d0b310f953"
        },
        {
          "type": "image",
          "assetId": "gy9MPy6Ll0C_",
          "checksum": "266cbc6ad8e6202d081bb7bd110b6cc6"
        },
        {
          "type": "image",
          "assetId": "k7kTphKPutyq",
          "checksum": "8aeba399ce1f74e299aba520db339781"
        },
        {
          "type": "image",
          "assetId": "EeN1dKCD0L11",
          "checksum": "f3743374717111cfb96f18d02d994cf1"
        },
        {
          "type": "image",
          "assetId": "XqfvegI1j8vv",
          "checksum": "da9f9f1786cf6a0757812ebc98ebe3c9"
        },
        {
          "type": "image",
          "assetId": "_wzQEKLvC4ZY",
          "checksum": "2bb3c4af139f94bf3d5e8886d0768868"
        },
        {
          "type": "image",
          "assetId": "M-OwUpnObaxy",
          "checksum": "f8576e6dcfbb8fa987204483f4b9c683"
        },
        {
          "type": "image",
          "assetId": "9u2hx-FvgiMB",
          "checksum": "3971eab153a01b59c69c06fa682e9a10"
        },
        {
          "type": "image",
          "assetId": "nMgaes817F4E",
          "checksum": "a620f7b827702797de536b8da6583366"
        },
        {
          "type": "image",
          "assetId": "0v96l1Q3I-HJ",
          "checksum": "bb6bde3408e915b771a564b81f1450e6"
        },
        {
          "type": "image",
          "assetId": "UXtR032QtAE9",
          "checksum": "8662e1526bcb3deae87926c0c96ac4d6"
        },
        {
          "type": "image",
          "assetId": "QPbC19ghS4uD",
          "checksum": "0e83c59a13bfa61987e85ad4233f9a45"
        },
        {
          "type": "image",
          "assetId": "X2ZKUwLggxZn",
          "checksum": "1e0c5842085b08529eaaec80ae66737d"
        },
        {
          "type": "image",
          "assetId": "aICNwmA5tWD0",
          "checksum": "c90cf5e3ce371825efe3e8b1cc97b6c5"
        },
        {
          "type": "image",
          "assetId": "Vqp1cXa40Zw9",
          "checksum": "02c8cfe9891d488a37cfb02d326ee18f"
        },
        {
          "type": "image",
          "assetId": "meNKUVNQ6JrW",
          "checksum": "a9c0bf96d8a10b00b595141eb0a7eb4e"
        },
        {
          "type": "image",
          "assetId": "THKyAgTk8xuL",
          "checksum": "35bb1d996fda8f2621bf6425d6cfe5fe"
        },
        {
          "type": "image",
          "assetId": "74V-2qm063Iz",
          "checksum": "95159f40fdea21f827fc3ce51b085eed"
        },
        {
          "type": "image",
          "assetId": "7HivbeJFtWUU",
          "checksum": "285b32928e37aec99a35ff96124e6374"
        },
        {
          "type": "image",
          "assetId": "AgAqDJjBfFgk",
          "checksum": "45ac4927f9f7bc6104bb860d57491d43"
        },
        {
          "type": "image",
          "assetId": "a_rzhoTBnofz",
          "checksum": "bb7d9674a5d680d0fdf30df1b10773b2"
        },
        {
          "type": "image",
          "assetId": "y4Va9feWIgzR",
          "checksum": "493ca5b83118470ea449a7fbfe4bda28"
        },
        {
          "type": "image",
          "assetId": "g__df7BAxuWB",
          "checksum": "b219d581fefb0b5499910272681a8241"
        },
        {
          "type": "image",
          "assetId": "i1x8qeEbHrfY",
          "checksum": "d8ac3ad8f0b4bb155053d7be20c9853f"
        },
        {
          "assetId": "6cFjuLeo5wcsmGdjkGwU6",
          "type": "projectCss",
          "checksum": "779b574007af9bcc6fbf448b03092db2"
        },
        {
          "type": "icon",
          "assetId": "OIFPFB2pQpzB",
          "checksum": "e459c81c81cc8a1635085947e0df52f1"
        }
      ],
      "codegenVersion": "0.0.1"
    }
  ],
  "cliVersion": "0.1.330"
}
